
Microsoft Visual Studio Solution File, Format Version 12.00
# Visual Studio Version 16
VisualStudioVersion = 16.0.32802.440
MinimumVisualStudioVersion = 10.0.40219.1
Project("{FAE04EC0-301F-11D3-BF4B-00C04F79EFBC}") = "DB_TeamProject", "DB_TeamProject\DB_TeamProject.csproj", "{642DC87C-05BD-40DB-BE8C-AAD7010D94D2}"
EndProject
Global
	GlobalSection(SolutionConfigurationPlatforms) = preSolution
		Debug|Any CPU = Debug|Any CPU
		Release|Any CPU = Release|Any CPU
	EndGlobalSection
	GlobalSection(ProjectConfigurationPlatforms) = postSolution
		{642DC87C-05BD-40DB-BE8C-AAD7010D94D2}.Debug|Any CPU.ActiveCfg = Debug|Any CPU
		{642DC87C-05BD-40DB-BE8C-AAD7010D94D2}.Debug|Any CPU.Build.0 = Debug|Any CPU
		{642DC87C-05BD-40DB-BE8C-AAD7010D94D2}.Release|Any CPU.ActiveCfg = Release|Any CPU
		{642DC87C-05BD-40DB-BE8C-AAD7010D94D2}.Release|Any CPU.Build.0 = Release|Any CPU
	EndGlobalSection
	GlobalSection(SolutionProperties) = preSolution
		HideSolutionNode = FALSE
	EndGlobalSection
	GlobalSection(ExtensibilityGlobals) = postSolution
		SolutionGuid = {2D3BD5C7-CBCB-4679-8843-9E16073AC7D6}
	EndGlobalSection
EndGlobal
